
Microsoft Visual Studio Solution File, Format Version 12.00
# Visual Studio Version 17
VisualStudioVersion = 17.11.35222.181
MinimumVisualStudioVersion = 10.0.40219.1
Project("{FAE04EC0-301F-11D3-BF4B-00C04F79EFBC}") = "vstrecha 3", "vstrecha 3\vstrecha 3.csproj", "{A4E5CAE3-C932-4556-A28C-FECB38A8664B}"
EndProject
Global
	GlobalSection(SolutionConfigurationPlatforms) = preSolution
		Debug|Any CPU = Debug|Any CPU
		Release|Any CPU = Release|Any CPU
	EndGlobalSection
	GlobalSection(ProjectConfigurationPlatforms) = postSolution
		{A4E5CAE3-C932-4556-A28C-FECB38A8664B}.Debug|Any CPU.ActiveCfg = Debug|Any CPU
		{A4E5CAE3-C932-4556-A28C-FECB38A8664B}.Debug|Any CPU.Build.0 = Debug|Any CPU
		{A4E5CAE3-C932-4556-A28C-FECB38A8664B}.Release|Any CPU.ActiveCfg = Release|Any CPU
		{A4E5CAE3-C932-4556-A28C-FECB38A8664B}.Release|Any CPU.Build.0 = Release|Any CPU
	EndGlobalSection
	GlobalSection(SolutionProperties) = preSolution
		HideSolutionNode = FALSE
	EndGlobalSection
	GlobalSection(ExtensibilityGlobals) = postSolution
		SolutionGuid = {D83DA1F5-E3E0-4EDE-BD2B-A380B3FD53BF}
	EndGlobalSection
EndGlobal
